<?xml version="1.0" encoding="UTF-8"?>
<CONFIG>
  <ProjectOptions>
    <Version Value="9"/>
    <PathDelim Value="\"/>
    <General>
      <SessionStorage Value="InProjectDir"/>
      <MainUnit Value="0"/>
      <Title Value="minipcp_sped"/>
      <ResourceType Value="res"/>
      <UseXPManifest Value="True"/>
      <Icon Value="0"/>
    </General>
    <i18n>
      <EnableI18N LFM="False"/>
    </i18n>
    <VersionInfo>
      <StringTable ProductVersion=""/>
    </VersionInfo>
    <BuildModes Count="1">
      <Item1 Name="Default" Default="True"/>
    </BuildModes>
    <PublishOptions>
      <Version Value="2"/>
    </PublishOptions>
    <RunParams>
      <local>
        <FormatVersion Value="1"/>
      </local>
    </RunParams>
    <RequiredPackages Count="5">
      <Item1>
        <PackageName Value="DateTimeCtrls"/>
      </Item1>
      <Item2>
        <PackageName Value="SynEdit"/>
      </Item2>
      <Item3>
        <PackageName Value="zcomponent"/>
      </Item3>
      <Item4>
        <PackageName Value="ACBr_SPED"/>
      </Item4>
      <Item5>
        <PackageName Value="LCL"/>
      </Item5>
    </RequiredPackages>
    <Units Count="10">
      <Unit0>
        <Filename Value="minipcp_sped.lpr"/>
        <IsPartOfProject Value="True"/>
      </Unit0>
      <Unit1>
        <Filename Value="spedprincipal.pas"/>
        <IsPartOfProject Value="True"/>
        <ComponentName Value="FormSpedPrincipal"/>
        <HasResources Value="True"/>
        <ResourceBaseClass Value="Form"/>
        <UnitName Value="SpedPrincipal"/>
      </Unit1>
      <Unit2>
        <Filename Value="speddmprincipal.pas"/>
        <IsPartOfProject Value="True"/>
        <ComponentName Value="DMPrincipal"/>
        <ResourceBaseClass Value="DataModule"/>
        <UnitName Value="SpedDMPrincipal"/>
      </Unit2>
      <Unit3>
        <Filename Value="AppBase\spedcommontypes.pas"/>
        <IsPartOfProject Value="True"/>
        <UnitName Value="SpedCommonTypes"/>
      </Unit3>
      <Unit4>
        <Filename Value="..\..\units\hbliblaz\MyStr.pas"/>
        <IsPartOfProject Value="True"/>
      </Unit4>
      <Unit5>
        <Filename Value="AppBase\spedapplog.pas"/>
        <IsPartOfProject Value="True"/>
        <ComponentName Value="FormAppLog"/>
        <ResourceBaseClass Value="Form"/>
        <UnitName Value="SpedAppLog"/>
      </Unit5>
      <Unit6>
        <Filename Value="AppBase\spedcommonprocs.pas"/>
        <IsPartOfProject Value="True"/>
        <UnitName Value="SpedCommonProcs"/>
      </Unit6>
      <Unit7>
        <Filename Value="spedqueries.pas"/>
        <IsPartOfProject Value="True"/>
        <UnitName Value="SpedQueries"/>
      </Unit7>
      <Unit8>
        <Filename Value="sped\spedblocok.pas"/>
        <IsPartOfProject Value="True"/>
        <UnitName Value="SpedBlocoK"/>
      </Unit8>
      <Unit9>
        <Filename Value="sped\spedbloco0.pas"/>
        <IsPartOfProject Value="True"/>
        <UnitName Value="SpedBloco0"/>
      </Unit9>
    </Units>
  </ProjectOptions>
  <CompilerOptions>
    <Version Value="11"/>
    <PathDelim Value="\"/>
    <Target>
      <Filename Value="minipcp_sped"/>
    </Target>
    <SearchPaths>
      <IncludeFiles Value="$(ProjOutDir)"/>
      <OtherUnitFiles Value="AppBase;..\..\units\hbliblaz;sped"/>
      <UnitOutputDirectory Value="lib\$(TargetCPU)-$(TargetOS)"/>
    </SearchPaths>
    <Linking>
      <Options>
        <Win32>
          <GraphicApplication Value="True"/>
        </Win32>
      </Options>
    </Linking>
  </CompilerOptions>
  <Debugging>
    <Exceptions Count="3">
      <Item1>
        <Name Value="EAbort"/>
      </Item1>
      <Item2>
        <Name Value="ECodetoolError"/>
      </Item2>
      <Item3>
        <Name Value="EFOpenError"/>
      </Item3>
    </Exceptions>
  </Debugging>
</CONFIG>
